
Microsoft Visual Studio Solution File, Format Version 12.00
# Visual Studio Version 17
VisualStudioVersion = 17.4.33205.214
MinimumVisualStudioVersion = 10.0.40219.1
Project("{FAE04EC0-301F-11D3-BF4B-00C04F79EFBC}") = "NZWalks.API", "NZWalks.API\NZWalks.API.csproj", "{A906BEF8-A05D-46B2-8468-0C90591535A1}"
EndProject
Global
	GlobalSection(SolutionConfigurationPlatforms) = preSolution
		Debug|Any CPU = Debug|Any CPU
		Release|Any CPU = Release|Any CPU
	EndGlobalSection
	GlobalSection(ProjectConfigurationPlatforms) = postSolution
		{A906BEF8-A05D-46B2-8468-0C90591535A1}.Debug|Any CPU.ActiveCfg = Debug|Any CPU
		{A906BEF8-A05D-46B2-8468-0C90591535A1}.Debug|Any CPU.Build.0 = Debug|Any CPU
		{A906BEF8-A05D-46B2-8468-0C90591535A1}.Release|Any CPU.ActiveCfg = Release|Any CPU
		{A906BEF8-A05D-46B2-8468-0C90591535A1}.Release|Any CPU.Build.0 = Release|Any CPU
	EndGlobalSection
	GlobalSection(SolutionProperties) = preSolution
		HideSolutionNode = FALSE
	EndGlobalSection
	GlobalSection(ExtensibilityGlobals) = postSolution
		SolutionGuid = {CAD53C51-2757-4CF8-8931-207BD884C186}
	EndGlobalSection
EndGlobal
